{
  "name": "vojtars-blog",
  "version": "1.0.0",
  "lockfileVersion": 1,
  "requires": true,
  "dependencies": {
    "flatpickr": {
      "version": "4.4.3",
      "resolved": "https://registry.npmjs.org/flatpickr/-/flatpickr-4.4.3.tgz",
      "integrity": "sha512-HKv/c8BodePv/kaTVa+9C+/ZGPH+r3EQ92fCGDuhfAsEDlP1W004JNXx+yrUkCE+ZaO/XpM5Shc8FjG4ds0wKA=="
    }
  }
}
